
Microsoft Visual Studio Solution File, Format Version 12.00
# Visual Studio Version 17
VisualStudioVersion = 17.13.35806.99 d17.13
MinimumVisualStudioVersion = 10.0.40219.1
Project("{FAE04EC0-301F-11D3-BF4B-00C04F79EFBC}") = "WarHammer", "WarHammer.csproj", "{BEDF9E83-60AB-4935-A1CE-FF38BA665708}"
EndProject
Global
	GlobalSection(SolutionConfigurationPlatforms) = preSolution
		Debug|Any CPU = Debug|Any CPU
		Release|Any CPU = Release|Any CPU
	EndGlobalSection
	GlobalSection(ProjectConfigurationPlatforms) = postSolution
		{BEDF9E83-60AB-4935-A1CE-FF38BA665708}.Debug|Any CPU.ActiveCfg = Debug|Any CPU
		{BEDF9E83-60AB-4935-A1CE-FF38BA665708}.Debug|Any CPU.Build.0 = Debug|Any CPU
		{BEDF9E83-60AB-4935-A1CE-FF38BA665708}.Release|Any CPU.ActiveCfg = Release|Any CPU
		{BEDF9E83-60AB-4935-A1CE-FF38BA665708}.Release|Any CPU.Build.0 = Release|Any CPU
	EndGlobalSection
	GlobalSection(SolutionProperties) = preSolution
		HideSolutionNode = FALSE
	EndGlobalSection
	GlobalSection(ExtensibilityGlobals) = postSolution
		SolutionGuid = {078268AC-0FD0-4E18-82DF-ED4258A43ED0}
	EndGlobalSection
EndGlobal
